
Microsoft Visual Studio Solution File, Format Version 12.00
# Visual Studio Version 16
VisualStudioVersion = 16.0.29215.179
MinimumVisualStudioVersion = 10.0.40219.1
Project("{8BC9CEB8-8B4A-11D0-8D11-00A0C91BC942}") = "Project2", "Project2\Project2.vcxproj", "{72E6E829-61E2-4813-B074-B95409AB05A5}"
EndProject
Global
	GlobalSection(SolutionConfigurationPlatforms) = preSolution
		Debug|x64 = Debug|x64
		Debug|x86 = Debug|x86
		Release|x64 = Release|x64
		Release|x86 = Release|x86
	EndGlobalSection
	GlobalSection(ProjectConfigurationPlatforms) = postSolution
		{72E6E829-61E2-4813-B074-B95409AB05A5}.Debug|x64.ActiveCfg = Debug|x64
		{72E6E829-61E2-4813-B074-B95409AB05A5}.Debug|x64.Build.0 = Debug|x64
		{72E6E829-61E2-4813-B074-B95409AB05A5}.Debug|x86.ActiveCfg = Debug|Win32
		{72E6E829-61E2-4813-B074-B95409AB05A5}.Debug|x86.Build.0 = Debug|Win32
		{72E6E829-61E2-4813-B074-B95409AB05A5}.Release|x64.ActiveCfg = Release|x64
		{72E6E829-61E2-4813-B074-B95409AB05A5}.Release|x64.Build.0 = Release|x64
		{72E6E829-61E2-4813-B074-B95409AB05A5}.Release|x86.ActiveCfg = Release|Win32
		{72E6E829-61E2-4813-B074-B95409AB05A5}.Release|x86.Build.0 = Release|Win32
	EndGlobalSection
	GlobalSection(SolutionProperties) = preSolution
		HideSolutionNode = FALSE
	EndGlobalSection
	GlobalSection(ExtensibilityGlobals) = postSolution
		SolutionGuid = {5A72434C-44CA-4629-82C5-21C4FC5CC040}
	EndGlobalSection
EndGlobal
